{
  "version": 4,
  "terraform_version": "1.5.7",
  "serial": 224,
  "lineage": "6dc94c7c-decc-a257-8e7b-c2f22334c8af",
  "outputs": {
    "cleanup_instructions": {
      "value": "=== CLEANUP INSTRUCTIONS ===\r\n    \r\n1. Destroy all Terraform-managed resources:\r\n   cd gcp_threat_simulation\r\n   terraform destroy -auto-approve\r\n    \r\n2. Verify service account deletion:\r\n   gcloud iam service-accounts list --project=xtec-lab --filter=\"email~scenario-a OR email~itadm\"\r\n   # Should return empty\r\n    \r\n3. Verify firewall rules removed:\r\n   gcloud compute firewall-rules list --project=xtec-lab --filter=\"name~scenario-a OR name~scenario-b\"\r\n   # Should return empty\r\n    \r\n4. Verify VMs deleted:\r\n   gcloud compute instances list --project=xtec-lab --filter=\"name~scenario-a OR name~xmrig OR name~backdoor\"\r\n   # Should return empty\r\n    \r\n5. Verify storage buckets deleted:\r\n   gcloud storage buckets list --project=xtec-lab --filter=\"name~scenario-a OR name~scenario-b\"\r\n   # Should return empty\r\n    \r\n6. Review audit logs generated (will persist for retention period):\r\n   gcloud logging read 'timestamp\u003e=\"2026-03-01T05:06:07Z\"' --limit=100 --project=xtec-lab\r\n    \r\n7. Export simulation logs for golden dataset:\r\n   gcloud logging read \\\r\n     'timestamp\u003e=\"2026-03-01T05:06:07Z\" AND (\r\n       protoPayload.authenticationInfo.principalEmail=~\".*scenario-a.*\" OR\r\n       protoPayload.authenticationInfo.principalEmail=~\".*itadm.*\"\r\n     )' \\\r\n     --format=json \\\r\n     --limit=1000 \\\r\n     --project=xtec-lab \u003e golden_dataset_scenario-a_20260301.json\r\n    \r\n=== SIMULATION DURATION ===\r\nStarted: 2026-03-01T05:06:07Z\r\nExpected cleanup after: 2026-03-01T09:06:07Z\r\n",
      "type": "string"
    },
    "cost_estimate": {
      "value": "=== ESTIMATED COSTS (USD) ===\r\nBased on 4 hour(s) runtime:\r\n    \r\n- Compute Instances (5 VMs): ~$0.50/hour = ${var.simulation_duration_hours * 0.50}\r\n- VPN Gateway (if enabled): ~$0.05/hour = ${var.modify_firewall_rules ? var.simulation_duration_hours * 0.05 : 0}\r\n- Cloud Storage (2 buckets): ~$0.01 = $0.01\r\n- Cloud Logging (500-1000 entries): ~$0.05 = $0.05\r\n- Networking (egress): ~$0.10 = $0.10\r\n    \r\nTOTAL ESTIMATED: ~${var.simulation_duration_hours * 0.50 + (var.modify_firewall_rules ? var.simulation_duration_hours * 0.05 : 0) + 0.16}\r\n    \r\nNote: Costs may vary. Run 'terraform destroy' promptly after testing to minimize charges.\r\n",
      "type": "string"
    },
    "detection_hunt_queries": {
      "value": {
        "crypto_mining_vm": "# Detect crypto mining VM creation (naming pattern + machine type)\r\nresource.type=\"gce_instance\"\r\nprotoPayload.methodName=\"v1.compute.instances.insert\"\r\n(protoPayload.request.name=~\".*xmrig.*\" OR\r\n protoPayload.request.name=~\".*miner.*\")\r\nprotoPayload.request.machineType=~\".*c2-standard.*\"\r\n",
        "firewall_rule_0_0_0_0": "# Detect firewall rules allowing 0.0.0.0/0 access\r\nresource.type=\"gce_firewall_rule\"\r\nprotoPayload.methodName=\"v1.compute.firewalls.insert\"\r\nprotoPayload.request.sourceRanges=\"0.0.0.0/0\"\r\n",
        "metadata_token_harvest": "# Detect metadata server token harvesting attempts\r\nhttpRequest.requestUrl=~\".*metadata.google.internal.*service-accounts.*token\"\r\nhttpRequest.requestMethod=\"GET\"\r\n",
        "privilege_escalation_to_owner": "# Detect roles/owner grant (Scenario B TTP)\r\nprotoPayload.methodName=\"SetIamPolicy\"\r\nprotoPayload.request.policy.bindings.role=\"roles/owner\"\r\nseverity=\"NOTICE\"\r\n",
        "public_storage_bucket": "# Detect GCS bucket made public (data exfiltration staging)\r\nresource.type=\"gcs_bucket\"\r\nprotoPayload.methodName=\"storage.setIamPermissions\"\r\nprotoPayload.serviceData.policyDelta.bindingDeltas.member=\"allUsers\"\r\nprotoPayload.serviceData.policyDelta.bindingDeltas.role=\"roles/storage.objectViewer\"\r\n",
        "scenario-a_persistence_account": "# Detect Scenario A persistence account creation (itadm-suspicious)\r\nresource.type=\"service_account\"\r\nprotoPayload.methodName=\"google.iam.admin.v1.CreateServiceAccount\"\r\nprotoPayload.response.email=~\"itadm.*\"\r\n",
        "snapshot_deletion": "# Detect snapshot deletion (Scenario A data-impact inhibit recovery TTP)\r\nresource.type=\"gce_snapshot\"\r\nprotoPayload.methodName=\"v1.compute.snapshots.delete\"\r\nseverity=\"NOTICE\"\r\n",
        "ssh_key_backdoor": "# Detect suspicious SSH key additions to metadata\r\nprotoPayload.methodName=~\".*setMetadata\"\r\nprotoPayload.request.items.key=\"ssh-keys\"\r\n(protoPayload.request.items.value=~\"backdoor\" OR\r\n protoPayload.request.items.value=~\"scenario-b\")\r\n",
        "suspicious_vm_creation": "# Detect VM with suspicious startup script\r\nresource.type=\"gce_instance\"\r\nprotoPayload.methodName=\"v1.compute.instances.insert\"\r\nprotoPayload.request.metadata.items.key=\"startup-script\"\r\n(protoPayload.request.metadata.items.value=~\"gcloud.*iam.*\" OR\r\n protoPayload.request.metadata.items.value=~\"curl.*metadata\")\r\n",
        "windows_password_reset": "# Detect Windows password reset (Scenario B VM takeover)\r\nresource.type=\"gce_instance\"\r\nprotoPayload.methodName=~\".*setWindowsPassword\"\r\nseverity=\"NOTICE\"\r\n"
      },
      "type": [
        "object",
        {
          "crypto_mining_vm": "string",
          "firewall_rule_0_0_0_0": "string",
          "metadata_token_harvest": "string",
          "privilege_escalation_to_owner": "string",
          "public_storage_bucket": "string",
          "scenario-a_persistence_account": "string",
          "snapshot_deletion": "string",
          "ssh_key_backdoor": "string",
          "suspicious_vm_creation": "string",
          "windows_password_reset": "string"
        }
      ]
    },
    "gcloud_hunt_commands": {
      "value": {
        "hunt_all_simulation_activity": "gcloud logging read \\\r\n  'timestamp\u003e=\"2026-03-01T05:06:07Z\" AND (\r\n    protoPayload.authenticationInfo.principalEmail=~\".*scenario-a.*\" OR\r\n    protoPayload.authenticationInfo.principalEmail=~\".*itadm.*\" OR\r\n    resource.labels.instance_name=~\".*scenario-a.*\" OR\r\n    resource.labels.instance_name=~\".*xmrig.*\"\r\n  )' \\\r\n  --limit=500 \\\r\n  --format=json \\\r\n  --project=xtec-lab\r\n",
        "hunt_firewall_modifications": "gcloud logging read \\\r\n  'resource.type=\"gce_firewall_rule\" AND\r\n   protoPayload.methodName=~\".*firewalls.*\" AND\r\n   timestamp\u003e=\"2026-03-01T05:06:07Z\"' \\\r\n  --limit=50 \\\r\n  --format=json \\\r\n  --project=xtec-lab\r\n",
        "hunt_iam_policy_changes": "gcloud logging read \\\r\n  'protoPayload.methodName=\"SetIamPolicy\" AND\r\n   timestamp\u003e=\"2026-03-01T05:06:07Z\"' \\\r\n  --limit=100 \\\r\n  --format=json \\\r\n  --project=xtec-lab\r\n",
        "hunt_snapshot_deletions": "gcloud logging read \\\r\n  'protoPayload.methodName=~\".*snapshot.*delete\" AND\r\n   timestamp\u003e=\"2026-03-01T05:06:07Z\"' \\\r\n  --limit=50 \\\r\n  --format=json \\\r\n  --project=xtec-lab\r\n",
        "hunt_vm_creations": "gcloud logging read \\\r\n  'protoPayload.methodName=\"v1.compute.instances.insert\" AND\r\n   timestamp\u003e=\"2026-03-01T05:06:07Z\"' \\\r\n  --limit=100 \\\r\n  --format=json \\\r\n  --project=xtec-lab\r\n"
      },
      "type": [
        "object",
        {
          "hunt_all_simulation_activity": "string",
          "hunt_firewall_modifications": "string",
          "hunt_iam_policy_changes": "string",
          "hunt_snapshot_deletions": "string",
          "hunt_vm_creations": "string"
        }
      ]
    },
    "gcphunter_test_command": {
      "value": "# After simulation is deployed, run your GCPHunter agent:\r\ncd ../gcphunter_agent\r\npython agent.py \\\r\n  --project-id xtec-lab \\\r\n  --start-time \"2026-03-01T05:06:07Z\" \\\r\n  --cti-sources scenario-a_aa24-109a.md scattered_spider_wiz.md phishing_malwarebytes.md\r\n    \r\n# Expected detections:\r\n# - T1098: Account Manipulation (roles/owner grant)\r\n# - T1578.002: Create Cloud Instance (5 suspicious VMs)\r\n# - T1562.004: Disable Firewall (4 permissive rules)\r\n# - T1490: Inhibit System Recovery (snapshot deletion)\r\n# - T1087.002: Account Discovery (IAM enumeration)\r\n# - T1219: Remote Access Software (AnyDesk VM)\r\n",
      "type": "string"
    },
    "simulation_summary": {
      "value": {
        "created_resources": {
          "firewall_rules_created": 4,
          "service_accounts": 2,
          "snapshots_created": 2,
          "storage_buckets": 2,
          "vms_created": 5
        },
        "persistence_account_email": "sa-automation-67ff3872@xtec-lab.iam.gserviceaccount.com",
        "project_id": "xtec-lab",
        "region": "us-central1",
        "scattered_spider_ttps_simulated": [
          "T1110.003 - Password Spraying (5 failed SA impersonation attempts)",
          "T1087.002 - Account Discovery (gcloud iam list commands executed)",
          "T1098 - Account Manipulation (securityAdmin + serviceAccountAdmin granted)",
          "T1098 - Owner grant SKIPPED (enable_dangerous_iam_bindings=false)",
          "Firewall Modification - Management ports (443/8443/9443) opened to 0.0.0.0/0",
          "Firewall Modification - Egress to Tor network allowed",
          "OS Password Reset - Windows VM password reset for 'compromised-admin'",
          "Create SSH Backdoor - Suspicious SSH keys added to project metadata",
          "Modify Startup Script - Malicious script injected via metadata update",
          "Launch New Resources - Crypto mining VM 'xmrig-miner-*' created with c2-standard-4",
          "Data Exfiltration - Public GCS bucket created with allUsers objectViewer access"
        ],
        "scenario-a_ttps_simulated": [
          "T1190 - Exploit Public-Facing Application (VPN gateway + forwarding rule created)",
          "T1136.002 - Create Domain Account (itadm-suspicious SA created with editor role)",
          "T1562.001 - Impair Defenses (securitycenter.adminEditor granted)",
          "T1578.002 - Create Cloud Instance (scenario-a-rogue-instance with malicious startup script)",
          "T1562.004 - Disable Firewall (SSH/RDP rule allowing 0.0.0.0/0)",
          "T1003.001 - LSASS Memory Access (metadata server token requests in VM startup)",
          "T1490 - Inhibit System Recovery (compute snapshot deletion executed)",
          "T1219 - Remote Access Software (VM with AnyDesk metadata created)",
          "T1027.015 - Data Compression (7zip archive in GCS bucket)",
          "T1486 - Data Encrypted for Impact (scenario-a_readme.txt ransom note)"
        ],
        "simulation_timestamp": "2026-03-01T05:06:07Z",
        "threat_actor_sa_email": "adk-th-sim-actor-67ff3872@xtec-lab.iam.gserviceaccount.com"
      },
      "type": [
        "object",
        {
          "created_resources": [
            "object",
            {
              "firewall_rules_created": "number",
              "service_accounts": "number",
              "snapshots_created": "number",
              "storage_buckets": "number",
              "vms_created": "number"
            }
          ],
          "persistence_account_email": "string",
          "project_id": "string",
          "region": "string",
          "scattered_spider_ttps_simulated": [
            "tuple",
            [
              "string",
              "string",
              "string",
              "string",
              "string",
              "string",
              "string",
              "string",
              "string",
              "string",
              "string"
            ]
          ],
          "scenario-a_ttps_simulated": [
            "tuple",
            [
              "string",
              "string",
              "string",
              "string",
              "string",
              "string",
              "string",
              "string",
              "string",
              "string"
            ]
          ],
          "simulation_timestamp": "string",
          "threat_actor_sa_email": "string"
        }
      ]
    }
  },
  "resources": [
    {
      "mode": "managed",
      "type": "google_compute_disk",
      "name": "data_disk",
      "provider": "provider[\"registry.terraform.io/hashicorp/google\"]",
      "instances": [
        {
          "index_key": 0,
          "schema_version": 0,
          "attributes": {
            "access_mode": "",
            "async_primary_disk": [],
            "creation_timestamp": "2026-02-28T21:06:08.806-08:00",
            "description": "",
            "disk_encryption_key": [],
            "disk_id": "2312329078621763503",
            "effective_labels": {
              "environment": "production",
              "purpose": "data-storage"
            },
            "enable_confidential_compute": false,
            "guest_os_features": [],
            "id": "projects/xtec-lab/zones/us-central1-a/disks/app-data-disk-67ff3872",
            "image": "",
            "label_fingerprint": "x-5XIN71pJM=",
            "labels": {
              "environment": "production",
              "purpose": "data-storage"
            },
            "last_attach_timestamp": "",
            "last_detach_timestamp": "",
            "licenses": [],
            "name": "app-data-disk-67ff3872",
            "physical_block_size_bytes": 4096,
            "project": "xtec-lab",
            "provisioned_iops": 0,
            "provisioned_throughput": 0,
            "self_link": "https://www.googleapis.com/compute/v1/projects/xtec-lab/zones/us-central1-a/disks/app-data-disk-67ff3872",
            "size": 10,
            "snapshot": "",
            "source_disk": "",
            "source_disk_id": "",
            "source_image_encryption_key": [],
            "source_image_id": "",
            "source_snapshot_encryption_key": [],
            "source_snapshot_id": "",
            "storage_pool": "",
            "terraform_labels": {
              "environment": "production",
              "purpose": "data-storage"
            },
            "timeouts": null,
            "type": "pd-standard",
            "users": [],
            "zone": "us-central1-a"
          },
          "sensitive_attributes": [],
          "private": "eyJlMmJmYjczMC1lY2FhLTExZTYtOGY4OC0zNDM2M2JjN2M0YzAiOnsiY3JlYXRlIjoxMjAwMDAwMDAwMDAwLCJkZWxldGUiOjEyMDAwMDAwMDAwMDAsInVwZGF0ZSI6MTIwMDAwMDAwMDAwMH19",
          "dependencies": [
            "random_id.simulation_id"
          ]
        }
      ]
    },
    {
      "mode": "managed",
      "type": "google_compute_firewall",
      "name": "allow_https_egress",
      "provider": "provider[\"registry.terraform.io/hashicorp/google\"]",
      "instances": [
        {
          "index_key": 0,
          "schema_version": 1,
          "attributes": {
            "allow": [
              {
                "ports": [
                  "443",
                  "8443",
                  "9443"
                ],
                "protocol": "tcp"
              }
            ],
            "creation_timestamp": "2026-02-28T21:06:29.871-08:00",
            "deny": [],
            "description": "Allow HTTPS egress for package downloads",
            "destination_ranges": [
              "0.0.0.0/0"
            ],
            "direction": "EGRESS",
            "disabled": false,
            "enable_logging": null,
            "id": "projects/xtec-lab/global/firewalls/allow-https-egress",
            "log_config": [
              {
                "metadata": "INCLUDE_ALL_METADATA"
              }
            ],
            "name": "allow-https-egress",
            "network": "https://www.googleapis.com/compute/v1/projects/xtec-lab/global/networks/app-network-vpc",
            "priority": 1000,
            "project": "xtec-lab",
            "self_link": "https://www.googleapis.com/compute/v1/projects/xtec-lab/global/firewalls/allow-https-egress",
            "source_ranges": null,
            "source_service_accounts": null,
            "source_tags": null,
            "target_service_accounts": null,
            "target_tags": [
              "web-server",
              "worker"
            ],
            "timeouts": null
          },
          "sensitive_attributes": [],
          "private": "eyJlMmJmYjczMC1lY2FhLTExZTYtOGY4OC0zNDM2M2JjN2M0YzAiOnsiY3JlYXRlIjoxMjAwMDAwMDAwMDAwLCJkZWxldGUiOjEyMDAwMDAwMDAwMDAsInVwZGF0ZSI6MTIwMDAwMDAwMDAwMH0sInNjaGVtYV92ZXJzaW9uIjoiMSJ9",
          "dependencies": [
            "google_compute_network.app_network"
          ]
        }
      ]
    },
    {
      "mode": "managed",
      "type": "google_compute_firewall",
      "name": "allow_ssh_ingress",
      "provider": "provider[\"registry.terraform.io/hashicorp/google\"]",
      "instances": [
        {
          "index_key": 0,
          "schema_version": 1,
          "attributes": {
            "allow": [
              {
                "ports": [
                  "22"
                ],
                "protocol": "tcp"
              }
            ],
            "creation_timestamp": "2026-02-28T21:06:29.989-08:00",
            "deny": [],
            "description": "Allow SSH access for management",
            "destination_ranges": [],
            "direction": "INGRESS",
            "disabled": false,
            "enable_logging": null,
            "id": "projects/xtec-lab/global/firewalls/allow-ssh-ingress",
            "log_config": [
              {
                "metadata": "INCLUDE_ALL_METADATA"
              }
            ],
            "name": "allow-ssh-ingress",
            "network": "https://www.googleapis.com/compute/v1/projects/xtec-lab/global/networks/app-network-vpc",
            "priority": 1000,
            "project": "xtec-lab",
            "self_link": "https://www.googleapis.com/compute/v1/projects/xtec-lab/global/firewalls/allow-ssh-ingress",
            "source_ranges": [
              "0.0.0.0/0"
            ],
            "source_service_accounts": null,
            "source_tags": null,
            "target_service_accounts": null,
            "target_tags": [
              "management"
            ],
            "timeouts": null
          },
          "sensitive_attributes": [],
          "private": "eyJlMmJmYjczMC1lY2FhLTExZTYtOGY4OC0zNDM2M2JjN2M0YzAiOnsiY3JlYXRlIjoxMjAwMDAwMDAwMDAwLCJkZWxldGUiOjEyMDAwMDAwMDAwMDAsInVwZGF0ZSI6MTIwMDAwMDAwMDAwMH0sInNjaGVtYV92ZXJzaW9uIjoiMSJ9",
          "dependencies": [
            "google_compute_network.app_network"
          ]
        }
      ]
    },
    {
      "mode": "managed",
      "type": "google_compute_instance",
      "name": "app_server",
      "provider": "provider[\"registry.terraform.io/hashicorp/google\"]",
      "instances": [
        {
          "index_key": 0,
          "schema_version": 6,
          "attributes": {
            "advanced_machine_features": [],
            "allow_stopping_for_update": null,
            "attached_disk": [],
            "boot_disk": [
              {
                "auto_delete": true,
                "device_name": "persistent-disk-0",
                "disk_encryption_key_raw": "",
                "disk_encryption_key_sha256": "",
                "initialize_params": [
                  {
                    "enable_confidential_compute": false,
                    "image": "https://www.googleapis.com/compute/v1/projects/ubuntu-os-cloud/global/images/ubuntu-2204-jammy-v20260226",
                    "labels": {},
                    "provisioned_iops": 0,
                    "provisioned_throughput": 0,
                    "resource_manager_tags": null,
                    "size": 10,
                    "storage_pool": "",
                    "type": "pd-standard"
                  }
                ],
                "kms_key_self_link": "",
                "mode": "READ_WRITE",
                "source": "https://www.googleapis.com/compute/v1/projects/xtec-lab/zones/us-central1-a/disks/app-server-67ff3872"
              }
            ],
            "can_ip_forward": false,
            "confidential_instance_config": [],
            "cpu_platform": "Intel Broadwell",
            "current_status": "RUNNING",
            "deletion_protection": false,
            "description": "",
            "desired_status": null,
            "effective_labels": {
              "environment": "production",
              "role": "web-server"
            },
            "enable_display": false,
            "guest_accelerator": [],
            "hostname": "",
            "id": "projects/xtec-lab/zones/us-central1-a/instances/app-server-67ff3872",
            "instance_id": "6789444881083168642",
            "label_fingerprint": "hUkOoRMteCo=",
            "labels": {
              "environment": "production",
              "role": "web-server"
            },
            "machine_type": "e2-medium",
            "metadata": {
              "startup-script": "      #!/bin/bash\r\n      # Application server setup\r\n      apt-get update\r\n      apt-get install -y nginx certbot python3-certbot-nginx\r\n\r\n      # Configure web server\r\n      cat \u003e /etc/nginx/sites-available/default \u003c\u003c'NGINX'\r\nserver {\r\n    listen 80 default_server;\r\n    server_name _;\r\n\r\n    location / {\r\n        proxy_pass http://localhost:8080;\r\n        proxy_set_header Host $host;\r\n        proxy_set_header X-Real-IP $remote_addr;\r\n    }\r\n}\r\nNGINX\r\n\r\n      # Download application\r\n      mkdir -p /opt/app\r\n      cd /opt/app\r\n      wget -q https://storage.googleapis.com/app-releases/latest.tar.gz || true\r\n      tar -xzf latest.tar.gz || true\r\n\r\n      # Start services\r\n      systemctl restart nginx\r\n      systemctl enable nginx\r\n"
            },
            "metadata_fingerprint": "6yLgOtlKqKA=",
            "metadata_startup_script": null,
            "min_cpu_platform": "",
            "name": "app-server-67ff3872",
            "network_interface": [
              {
                "access_config": [
                  {
                    "nat_ip": "35.238.209.62",
                    "network_tier": "PREMIUM",
                    "public_ptr_domain_name": ""
                  }
                ],
                "alias_ip_range": [],
                "internal_ipv6_prefix_length": 0,
                "ipv6_access_config": [],
                "ipv6_access_type": "",
                "ipv6_address": "",
                "name": "nic0",
                "network": "https://www.googleapis.com/compute/v1/projects/xtec-lab/global/networks/app-network-vpc",
                "network_ip": "10.128.0.3",
                "nic_type": "",
                "queue_count": 0,
                "stack_type": "IPV4_ONLY",
                "subnetwork": "https://www.googleapis.com/compute/v1/projects/xtec-lab/regions/us-central1/subnetworks/app-subnet-primary",
                "subnetwork_project": "xtec-lab"
              }
            ],
            "network_performance_config": [],
            "params": [],
            "project": "xtec-lab",
            "reservation_affinity": [],
            "resource_policies": null,
            "scheduling": [
              {
                "automatic_restart": true,
                "instance_termination_action": "",
                "local_ssd_recovery_timeout": [],
                "max_run_duration": [],
                "min_node_cpus": 0,
                "node_affinities": [],
                "on_host_maintenance": "MIGRATE",
                "on_instance_stop_action": [],
                "preemptible": false,
                "provisioning_model": "STANDARD"
              }
            ],
            "scratch_disk": [],
            "self_link": "https://www.googleapis.com/compute/v1/projects/xtec-lab/zones/us-central1-a/instances/app-server-67ff3872",
            "service_account": [
              {
                "email": "sa-automation-67ff3872@xtec-lab.iam.gserviceaccount.com",
                "scopes": [
                  "https://www.googleapis.com/auth/cloud-platform"
                ]
              }
            ],
            "shielded_instance_config": [
              {
                "enable_integrity_monitoring": true,
                "enable_secure_boot": false,
                "enable_vtpm": true
              }
            ],
            "tags": null,
            "tags_fingerprint": "42WmSpB8rSM=",
            "terraform_labels": {
              "environment": "production",
              "role": "web-server"
            },
            "timeouts": null,
            "zone": "us-central1-a"
          },
          "sensitive_attributes": [],
          "private": "eyJlMmJmYjczMC1lY2FhLTExZTYtOGY4OC0zNDM2M2JjN2M0YzAiOnsiY3JlYXRlIjoxMjAwMDAwMDAwMDAwLCJkZWxldGUiOjEyMDAwMDAwMDAwMDAsInVwZGF0ZSI6MTIwMDAwMDAwMDAwMH0sInNjaGVtYV92ZXJzaW9uIjoiNiJ9",
          "dependencies": [
            "google_compute_network.app_network",
            "google_compute_subnetwork.app_subnet",
            "google_service_account.automation_account",
            "random_id.simulation_id"
          ]
        }
      ]
    },
    {
      "mode": "managed",
      "type": "google_compute_instance",
      "name": "processor_vm",
      "provider": "provider[\"registry.terraform.io/hashicorp/google\"]",
      "instances": [
        {
          "index_key": 0,
          "schema_version": 6,
          "attributes": {
            "advanced_machine_features": [],
            "allow_stopping_for_update": null,
            "attached_disk": [],
            "boot_disk": [
              {
                "auto_delete": true,
                "device_name": "persistent-disk-0",
                "disk_encryption_key_raw": "",
                "disk_encryption_key_sha256": "",
                "initialize_params": [
                  {
                    "enable_confidential_compute": false,
                    "image": "https://www.googleapis.com/compute/v1/projects/ubuntu-os-cloud/global/images/ubuntu-2204-jammy-v20260226",
                    "labels": {},
                    "provisioned_iops": 0,
                    "provisioned_throughput": 0,
                    "resource_manager_tags": null,
                    "size": 10,
                    "storage_pool": "",
                    "type": "pd-standard"
                  }
                ],
                "kms_key_self_link": "",
                "mode": "READ_WRITE",
                "source": "https://www.googleapis.com/compute/v1/projects/xtec-lab/zones/us-central1-a/disks/data-processor-67ff3872"
              }
            ],
            "can_ip_forward": false,
            "confidential_instance_config": [],
            "cpu_platform": "Intel Broadwell",
            "current_status": "RUNNING",
            "deletion_protection": false,
            "description": "",
            "desired_status": null,
            "effective_labels": {
              "environment": "production",
              "role": "processor"
            },
            "enable_display": false,
            "guest_accelerator": [],
            "hostname": "",
            "id": "projects/xtec-lab/zones/us-central1-a/instances/data-processor-67ff3872",
            "instance_id": "7107486294523934594",
            "label_fingerprint": "rQt44FjCsOE=",
            "labels": {
              "environment": "production",
              "role": "processor"
            },
            "machine_type": "e2-small",
            "metadata": {
              "enable-oslogin": "TRUE",
              "startup-script": "#!/bin/bash\r\n# Data processor initialization\r\necho \"Initializing data processor\" \u003e /var/log/init.log\r\n\r\n# Install dependencies\r\napt-get update \u0026\u0026 apt-get install -y \\\r\n  docker.io \\\r\n  docker-compose \\\r\n  netcat \\\r\n  nmap\r\n\r\n# Configure container runtime\r\nsystemctl start docker\r\nsystemctl enable docker\r\n\r\n# Download processor image\r\ndocker pull gcr.io/google.com/cloudsdktool/google-cloud-cli:latest\r\n\r\n# Network connectivity check\r\nnc -zv 8.8.8.8 443 || true\r\n\r\n# Service discovery\r\nfor port in 22 80 443 3306 5432; do\r\n  nc -zv -w 1 10.128.0.1 $port || true\r\ndone\r\n"
            },
            "metadata_fingerprint": "zNzKzYxkJKo=",
            "metadata_startup_script": null,
            "min_cpu_platform": "",
            "name": "data-processor-67ff3872",
            "network_interface": [
              {
                "access_config": [
                  {
                    "nat_ip": "35.239.135.7",
                    "network_tier": "PREMIUM",
                    "public_ptr_domain_name": ""
                  }
                ],
                "alias_ip_range": [],
                "internal_ipv6_prefix_length": 0,
                "ipv6_access_config": [],
                "ipv6_access_type": "",
                "ipv6_address": "",
                "name": "nic0",
                "network": "https://www.googleapis.com/compute/v1/projects/xtec-lab/global/networks/app-network-vpc",
                "network_ip": "10.128.0.4",
                "nic_type": "",
                "queue_count": 0,
                "stack_type": "IPV4_ONLY",
                "subnetwork": "https://www.googleapis.com/compute/v1/projects/xtec-lab/regions/us-central1/subnetworks/app-subnet-primary",
                "subnetwork_project": "xtec-lab"
              }
            ],
            "network_performance_config": [],
            "params": [],
            "project": "xtec-lab",
            "reservation_affinity": [],
            "resource_policies": null,
            "scheduling": [
              {
                "automatic_restart": true,
                "instance_termination_action": "",
                "local_ssd_recovery_timeout": [],
                "max_run_duration": [],
                "min_node_cpus": 0,
                "node_affinities": [],
                "on_host_maintenance": "MIGRATE",
                "on_instance_stop_action": [],
                "preemptible": false,
                "provisioning_model": "STANDARD"
              }
            ],
            "scratch_disk": [],
            "self_link": "https://www.googleapis.com/compute/v1/projects/xtec-lab/zones/us-central1-a/instances/data-processor-67ff3872",
            "service_account": [
              {
                "email": "sa-automation-67ff3872@xtec-lab.iam.gserviceaccount.com",
                "scopes": [
                  "https://www.googleapis.com/auth/cloud-platform"
                ]
              }
            ],
            "shielded_instance_config": [
              {
                "enable_integrity_monitoring": true,
                "enable_secure_boot": false,
                "enable_vtpm": true
              }
            ],
            "tags": null,
            "tags_fingerprint": "42WmSpB8rSM=",
            "terraform_labels": {
              "environment": "production",
              "role": "processor"
            },
            "timeouts": null,
            "zone": "us-central1-a"
          },
          "sensitive_attributes": [],
          "private": "eyJlMmJmYjczMC1lY2FhLTExZTYtOGY4OC0zNDM2M2JjN2M0YzAiOnsiY3JlYXRlIjoxMjAwMDAwMDAwMDAwLCJkZWxldGUiOjEyMDAwMDAwMDAwMDAsInVwZGF0ZSI6MTIwMDAwMDAwMDAwMH0sInNjaGVtYV92ZXJzaW9uIjoiNiJ9",
          "dependencies": [
            "google_compute_network.app_network",
            "google_compute_subnetwork.app_subnet",
            "google_service_account.automation_account",
            "random_id.simulation_id"
          ]
        }
      ]
    },
    {
      "mode": "managed",
      "type": "google_compute_instance",
      "name": "worker_vm",
      "provider": "provider[\"registry.terraform.io/hashicorp/google\"]",
      "instances": [
        {
          "index_key": 0,
          "schema_version": 6,
          "attributes": {
            "advanced_machine_features": [],
            "allow_stopping_for_update": null,
            "attached_disk": [],
            "boot_disk": [
              {
                "auto_delete": true,
                "device_name": "persistent-disk-0",
                "disk_encryption_key_raw": "",
                "disk_encryption_key_sha256": "",
                "initialize_params": [
                  {
                    "enable_confidential_compute": false,
                    "image": "https://www.googleapis.com/compute/v1/projects/ubuntu-os-cloud/global/images/ubuntu-2204-jammy-v20260226",
                    "labels": {},
                    "provisioned_iops": 0,
                    "provisioned_throughput": 0,
                    "resource_manager_tags": null,
                    "size": 10,
                    "storage_pool": "",
                    "type": "pd-standard"
                  }
                ],
                "kms_key_self_link": "",
                "mode": "READ_WRITE",
                "source": "https://www.googleapis.com/compute/v1/projects/xtec-lab/zones/us-central1-a/disks/worker-vm-67ff3872"
              }
            ],
            "can_ip_forward": false,
            "confidential_instance_config": [],
            "cpu_platform": "Intel Broadwell",
            "current_status": "RUNNING",
            "deletion_protection": false,
            "description": "",
            "desired_status": null,
            "effective_labels": {
              "environment": "production",
              "role": "worker"
            },
            "enable_display": false,
            "guest_accelerator": [],
            "hostname": "",
            "id": "projects/xtec-lab/zones/us-central1-a/instances/worker-vm-67ff3872",
            "instance_id": "2515381306876917635",
            "label_fingerprint": "qoj_5wlDfNU=",
            "labels": {
              "environment": "production",
              "role": "worker"
            },
            "machine_type": "e2-micro",
            "metadata": {
              "startup-script": "      #!/bin/bash\r\n      # Application worker initialization\r\n      apt-get update\r\n      apt-get install -y python3-pip curl wget\r\n\r\n      # Download processing scripts\r\n      mkdir -p /opt/worker\r\n      curl -fsSL https://packages.cloud.google.com/apt/doc/apt-key.gpg | apt-key add -\r\n\r\n      # Configure worker service\r\n      cat \u003e /etc/systemd/system/worker.service \u003c\u003c'EOF'\r\n[Unit]\r\nDescription=Data Processing Worker\r\nAfter=network.target\r\n\r\n[Service]\r\nType=simple\r\nExecStart=/usr/bin/python3 /opt/worker/process.py\r\nRestart=always\r\n\r\n[Install]\r\nWantedBy=multi-user.target\r\nEOF\r\n\r\n      systemctl daemon-reload\r\n      systemctl enable worker.service\r\n"
            },
            "metadata_fingerprint": "jgI7OVgomM8=",
            "metadata_startup_script": null,
            "min_cpu_platform": "",
            "name": "worker-vm-67ff3872",
            "network_interface": [
              {
                "access_config": [],
                "alias_ip_range": [],
                "internal_ipv6_prefix_length": 0,
                "ipv6_access_config": [],
                "ipv6_access_type": "",
                "ipv6_address": "",
                "name": "nic0",
                "network": "https://www.googleapis.com/compute/v1/projects/xtec-lab/global/networks/app-network-vpc",
                "network_ip": "10.128.0.2",
                "nic_type": "",
                "queue_count": 0,
                "stack_type": "IPV4_ONLY",
                "subnetwork": "https://www.googleapis.com/compute/v1/projects/xtec-lab/regions/us-central1/subnetworks/app-subnet-primary",
                "subnetwork_project": "xtec-lab"
              }
            ],
            "network_performance_config": [],
            "params": [],
            "project": "xtec-lab",
            "reservation_affinity": [],
            "resource_policies": null,
            "scheduling": [
              {
                "automatic_restart": true,
                "instance_termination_action": "",
                "local_ssd_recovery_timeout": [],
                "max_run_duration": [],
                "min_node_cpus": 0,
                "node_affinities": [],
                "on_host_maintenance": "MIGRATE",
                "on_instance_stop_action": [],
                "preemptible": false,
                "provisioning_model": "STANDARD"
              }
            ],
            "scratch_disk": [],
            "self_link": "https://www.googleapis.com/compute/v1/projects/xtec-lab/zones/us-central1-a/instances/worker-vm-67ff3872",
            "service_account": [
              {
                "email": "sa-automation-67ff3872@xtec-lab.iam.gserviceaccount.com",
                "scopes": [
                  "https://www.googleapis.com/auth/cloud-platform"
                ]
              }
            ],
            "shielded_instance_config": [
              {
                "enable_integrity_monitoring": true,
                "enable_secure_boot": false,
                "enable_vtpm": true
              }
            ],
            "tags": null,
            "tags_fingerprint": "42WmSpB8rSM=",
            "terraform_labels": {
              "environment": "production",
              "role": "worker"
            },
            "timeouts": null,
            "zone": "us-central1-a"
          },
          "sensitive_attributes": [],
          "private": "eyJlMmJmYjczMC1lY2FhLTExZTYtOGY4OC0zNDM2M2JjN2M0YzAiOnsiY3JlYXRlIjoxMjAwMDAwMDAwMDAwLCJkZWxldGUiOjEyMDAwMDAwMDAwMDAsInVwZGF0ZSI6MTIwMDAwMDAwMDAwMH0sInNjaGVtYV92ZXJzaW9uIjoiNiJ9",
          "dependencies": [
            "google_compute_network.app_network",
            "google_compute_subnetwork.app_subnet",
            "google_service_account.automation_account",
            "random_id.simulation_id"
          ]
        }
      ]
    },
    {
      "mode": "managed",
      "type": "google_compute_network",
      "name": "app_network",
      "provider": "provider[\"registry.terraform.io/hashicorp/google\"]",
      "instances": [
        {
          "schema_version": 0,
          "attributes": {
            "auto_create_subnetworks": false,
            "delete_default_routes_on_create": false,
            "description": "Application network for workload deployment",
            "enable_ula_internal_ipv6": false,
            "gateway_ipv4": "",
            "id": "projects/xtec-lab/global/networks/app-network-vpc",
            "internal_ipv6_range": "",
            "mtu": 0,
            "name": "app-network-vpc",
            "network_firewall_policy_enforcement_order": "AFTER_CLASSIC_FIREWALL",
            "numeric_id": "3870911820588808111",
            "project": "xtec-lab",
            "routing_mode": "REGIONAL",
            "self_link": "https://www.googleapis.com/compute/v1/projects/xtec-lab/global/networks/app-network-vpc",
            "timeouts": null
          },
          "sensitive_attributes": [],
          "private": "eyJlMmJmYjczMC1lY2FhLTExZTYtOGY4OC0zNDM2M2JjN2M0YzAiOnsiY3JlYXRlIjoxMjAwMDAwMDAwMDAwLCJkZWxldGUiOjEyMDAwMDAwMDAwMDAsInVwZGF0ZSI6MTIwMDAwMDAwMDAwMH19"
        }
      ]
    },
    {
      "mode": "managed",
      "type": "google_compute_snapshot",
      "name": "data_backup",
      "provider": "provider[\"registry.terraform.io/hashicorp/google\"]",
      "instances": [
        {
          "index_key": 0,
          "schema_version": 0,
          "attributes": {
            "chain_name": "",
            "creation_timestamp": "2026-02-28T21:06:20.448-08:00",
            "description": "",
            "disk_size_gb": 10,
            "effective_labels": {},
            "id": "projects/xtec-lab/global/snapshots/backup-20260301-050607",
            "label_fingerprint": "42WmSpB8rSM=",
            "labels": null,
            "licenses": [],
            "name": "backup-20260301-050607",
            "project": "xtec-lab",
            "self_link": "https://www.googleapis.com/compute/v1/projects/xtec-lab/global/snapshots/backup-20260301-050607",
            "snapshot_encryption_key": [],
            "snapshot_id": 4671526379199559587,
            "source_disk": "https://www.googleapis.com/compute/v1/projects/xtec-lab/zones/us-central1-a/disks/app-data-disk-67ff3872",
            "source_disk_encryption_key": [],
            "storage_bytes": 0,
            "storage_locations": [
              "us-central1"
            ],
            "terraform_labels": {},
            "timeouts": null,
            "zone": "us-central1-a"
          },
          "sensitive_attributes": [],
          "private": "eyJlMmJmYjczMC1lY2FhLTExZTYtOGY4OC0zNDM2M2JjN2M0YzAiOnsiY3JlYXRlIjoxMjAwMDAwMDAwMDAwLCJkZWxldGUiOjEyMDAwMDAwMDAwMDAsInVwZGF0ZSI6MTIwMDAwMDAwMDAwMH19",
          "dependencies": [
            "google_compute_disk.data_disk",
            "random_id.simulation_id",
            "time_static.simulation_start"
          ]
        }
      ]
    },
    {
      "mode": "managed",
      "type": "google_compute_subnetwork",
      "name": "app_subnet",
      "provider": "provider[\"registry.terraform.io/hashicorp/google\"]",
      "instances": [
        {
          "schema_version": 0,
          "attributes": {
            "creation_timestamp": "2026-02-28T21:06:30.100-08:00",
            "description": "",
            "external_ipv6_prefix": "",
            "fingerprint": null,
            "gateway_address": "10.128.0.1",
            "id": "projects/xtec-lab/regions/us-central1/subnetworks/app-subnet-primary",
            "internal_ipv6_prefix": "",
            "ip_cidr_range": "10.128.0.0/20",
            "ipv6_access_type": "",
            "ipv6_cidr_range": "",
            "log_config": [
              {
                "aggregation_interval": "INTERVAL_5_SEC",
                "filter_expr": "true",
                "flow_sampling": 1,
                "metadata": "INCLUDE_ALL_METADATA",
                "metadata_fields": null
              }
            ],
            "name": "app-subnet-primary",
            "network": "https://www.googleapis.com/compute/v1/projects/xtec-lab/global/networks/app-network-vpc",
            "private_ip_google_access": false,
            "private_ipv6_google_access": "DISABLE_GOOGLE_ACCESS",
            "project": "xtec-lab",
            "purpose": "PRIVATE",
            "region": "us-central1",
            "role": "",
            "secondary_ip_range": [],
            "self_link": "https://www.googleapis.com/compute/v1/projects/xtec-lab/regions/us-central1/subnetworks/app-subnet-primary",
            "send_secondary_ip_range_if_empty": null,
            "stack_type": "IPV4_ONLY",
            "timeouts": null
          },
          "sensitive_attributes": [],
          "private": "eyJlMmJmYjczMC1lY2FhLTExZTYtOGY4OC0zNDM2M2JjN2M0YzAiOnsiY3JlYXRlIjoxMjAwMDAwMDAwMDAwLCJkZWxldGUiOjEyMDAwMDAwMDAwMDAsInVwZGF0ZSI6MTIwMDAwMDAwMDAwMH19",
          "dependencies": [
            "google_compute_network.app_network"
          ]
        }
      ]
    },
    {
      "mode": "managed",
      "type": "google_logging_project_sink",
      "name": "app_logs_export",
      "provider": "provider[\"registry.terraform.io/hashicorp/google\"]",
      "instances": [
        {
          "index_key": 0,
          "schema_version": 0,
          "attributes": {
            "bigquery_options": [],
            "custom_writer_identity": null,
            "description": "",
            "destination": "storage.googleapis.com/xtec-lab-logs-export-67ff3872",
            "disabled": false,
            "exclusions": [],
            "filter": "NOT (protoPayload.methodName=~\".*SetIamPolicy.*\" OR protoPayload.methodName=~\".*delete.*\")",
            "id": "projects/xtec-lab/sinks/app-logs-export",
            "name": "app-logs-export",
            "project": "xtec-lab",
            "unique_writer_identity": true,
            "writer_identity": "serviceAccount:service-539545384352@gcp-sa-logging.iam.gserviceaccount.com"
          },
          "sensitive_attributes": [],
          "private": "bnVsbA==",
          "dependencies": [
            "google_storage_bucket.log_export_bucket",
            "random_id.simulation_id"
          ]
        }
      ]
    },
    {
      "mode": "managed",
      "type": "google_project_iam_member",
      "name": "automation_compute",
      "provider": "provider[\"registry.terraform.io/hashicorp/google\"]",
      "instances": [
        {
          "schema_version": 0,
          "attributes": {
            "condition": [],
            "etag": "BwZL726E6k0=",
            "id": "xtec-lab/roles/compute.admin/serviceAccount:sa-automation-67ff3872@xtec-lab.iam.gserviceaccount.com",
            "member": "serviceAccount:sa-automation-67ff3872@xtec-lab.iam.gserviceaccount.com",
            "project": "xtec-lab",
            "role": "roles/compute.admin"
          },
          "sensitive_attributes": [],
          "private": "bnVsbA==",
          "dependencies": [
            "google_service_account.automation_account",
            "random_id.simulation_id"
          ]
        }
      ]
    },
    {
      "mode": "managed",
      "type": "google_project_iam_member",
      "name": "automation_editor",
      "provider": "provider[\"registry.terraform.io/hashicorp/google\"]",
      "instances": [
        {
          "schema_version": 0,
          "attributes": {
            "condition": [],
            "etag": "BwZL726E6k0=",
            "id": "xtec-lab/roles/editor/serviceAccount:sa-automation-67ff3872@xtec-lab.iam.gserviceaccount.com",
            "member": "serviceAccount:sa-automation-67ff3872@xtec-lab.iam.gserviceaccount.com",
            "project": "xtec-lab",
            "role": "roles/editor"
          },
          "sensitive_attributes": [],
          "private": "bnVsbA==",
          "dependencies": [
            "google_service_account.automation_account",
            "random_id.simulation_id"
          ]
        }
      ]
    },
    {
      "mode": "managed",
      "type": "google_project_iam_member",
      "name": "threat_sim_compute_viewer",
      "provider": "provider[\"registry.terraform.io/hashicorp/google\"]",
      "instances": [
        {
          "schema_version": 0,
          "attributes": {
            "condition": [],
            "etag": "BwZL726E6k0=",
            "id": "xtec-lab/roles/compute.viewer/serviceAccount:adk-th-sim-actor-67ff3872@xtec-lab.iam.gserviceaccount.com",
            "member": "serviceAccount:adk-th-sim-actor-67ff3872@xtec-lab.iam.gserviceaccount.com",
            "project": "xtec-lab",
            "role": "roles/compute.viewer"
          },
          "sensitive_attributes": [],
          "private": "bnVsbA==",
          "dependencies": [
            "google_service_account.threat_sim_actor",
            "random_id.simulation_id"
          ]
        }
      ]
    },
    {
      "mode": "managed",
      "type": "google_project_iam_member",
      "name": "threat_sim_viewer",
      "provider": "provider[\"registry.terraform.io/hashicorp/google\"]",
      "instances": [
        {
          "schema_version": 0,
          "attributes": {
            "condition": [],
            "etag": "BwZL726E6k0=",
            "id": "xtec-lab/roles/viewer/serviceAccount:adk-th-sim-actor-67ff3872@xtec-lab.iam.gserviceaccount.com",
            "member": "serviceAccount:adk-th-sim-actor-67ff3872@xtec-lab.iam.gserviceaccount.com",
            "project": "xtec-lab",
            "role": "roles/viewer"
          },
          "sensitive_attributes": [],
          "private": "bnVsbA==",
          "dependencies": [
            "google_service_account.threat_sim_actor",
            "random_id.simulation_id"
          ]
        }
      ]
    },
    {
      "mode": "managed",
      "type": "google_service_account",
      "name": "automation_account",
      "provider": "provider[\"registry.terraform.io/hashicorp/google\"]",
      "instances": [
        {
          "schema_version": 0,
          "attributes": {
            "account_id": "sa-automation-67ff3872",
            "create_ignore_already_exists": null,
            "description": "Service account for automated deployment workflows",
            "disabled": false,
            "display_name": "Automation Service Account",
            "email": "sa-automation-67ff3872@xtec-lab.iam.gserviceaccount.com",
            "id": "projects/xtec-lab/serviceAccounts/sa-automation-67ff3872@xtec-lab.iam.gserviceaccount.com",
            "member": "serviceAccount:sa-automation-67ff3872@xtec-lab.iam.gserviceaccount.com",
            "name": "projects/xtec-lab/serviceAccounts/sa-automation-67ff3872@xtec-lab.iam.gserviceaccount.com",
            "project": "xtec-lab",
            "timeouts": null,
            "unique_id": "116691649077417903233"
          },
          "sensitive_attributes": [],
          "private": "eyJlMmJmYjczMC1lY2FhLTExZTYtOGY4OC0zNDM2M2JjN2M0YzAiOnsiY3JlYXRlIjozMDAwMDAwMDAwMDB9fQ==",
          "dependencies": [
            "random_id.simulation_id"
          ]
        }
      ]
    },
    {
      "mode": "managed",
      "type": "google_service_account",
      "name": "threat_sim_actor",
      "provider": "provider[\"registry.terraform.io/hashicorp/google\"]",
      "instances": [
        {
          "schema_version": 0,
          "attributes": {
            "account_id": "adk-th-sim-actor-67ff3872",
            "create_ignore_already_exists": null,
            "description": "Service account used for threat simulation activities",
            "disabled": false,
            "display_name": "Threat Simulation Actor",
            "email": "adk-th-sim-actor-67ff3872@xtec-lab.iam.gserviceaccount.com",
            "id": "projects/xtec-lab/serviceAccounts/adk-th-sim-actor-67ff3872@xtec-lab.iam.gserviceaccount.com",
            "member": "serviceAccount:adk-th-sim-actor-67ff3872@xtec-lab.iam.gserviceaccount.com",
            "name": "projects/xtec-lab/serviceAccounts/adk-th-sim-actor-67ff3872@xtec-lab.iam.gserviceaccount.com",
            "project": "xtec-lab",
            "timeouts": null,
            "unique_id": "114757973173989563585"
          },
          "sensitive_attributes": [],
          "private": "eyJlMmJmYjczMC1lY2FhLTExZTYtOGY4OC0zNDM2M2JjN2M0YzAiOnsiY3JlYXRlIjozMDAwMDAwMDAwMDB9fQ==",
          "dependencies": [
            "random_id.simulation_id"
          ]
        }
      ]
    },
    {
      "mode": "managed",
      "type": "google_service_account_key",
      "name": "automation_key",
      "provider": "provider[\"registry.terraform.io/hashicorp/google\"]",
      "instances": [
        {
          "schema_version": 0,
          "attributes": {
            "id": "projects/xtec-lab/serviceAccounts/sa-automation-67ff3872@xtec-lab.iam.gserviceaccount.com/keys/f5a59c81e14a40084fb283614def21e66d67b87d",
            "keepers": null,
            "key_algorithm": "KEY_ALG_RSA_2048",
            "name": "projects/xtec-lab/serviceAccounts/sa-automation-67ff3872@xtec-lab.iam.gserviceaccount.com/keys/f5a59c81e14a40084fb283614def21e66d67b87d",
            "private_key": "ewogICJ0eXBlIjogInNlcnZpY2VfYWNjb3VudCIsCiAgInByb2plY3RfaWQiOiAieHRlYy1sYWIiLAogICJwcml2YXRlX2tleV9pZCI6ICJmNWE1OWM4MWUxNGE0MDA4NGZiMjgzNjE0ZGVmMjFlNjZkNjdiODdkIiwKICAicHJpdmF0ZV9rZXkiOiAiLS0tLS1CRUdJTiBQUklWQVRFIEtFWS0tLS0tXG5NSUlFdlFJQkFEQU5CZ2txaGtpRzl3MEJBUUVGQUFTQ0JLY3dnZ1NqQWdFQUFvSUJBUURCUWN6aUE0M3VjVGhsXG50MXhwaDhGMXJwV3RhemJzdXpoc3BINE5ycTZWMW9Ga0xHYldmZm52cDQ2R0VDZ01TMjMxUGQ1czFxWHFiMFk3XG5lVFJ1OFJYTUhYSEN2ZU9KNEtQT3RuemRCckl0S052dFh6RVVTZXRvdC80QjlGL0wwMlVjRktYOUZDZ1Z5cDRyXG5MSkJTS1AzczlYenozSkZzbjlhcmdxNktOeUtIVWo4ZmZBRGxpVHlaYW9UZWJ6UG9xdjhvenUvb01oOEpqUjhZXG5oTi8wMWdtQXIwYWUyTDlYd3hkbVlLdExITjlCOS9XVGY1QXZDOEJ3OGtYemVWQitqZThMZVhRTHJUUVZqb2xzXG5MVi9NRitIZVk0by9oQmhJTUgvNVBtU2ZVWXorWnJMMVJOSDkzTUowaCtYcnJINnZLUWtwakNsVGsrZlVLWTlJXG5EcGJtSDdSYkFnTUJBQUVDZ2dFQUV2djJkeVFrY2c0Mk5zVlo1bFg3SjZjRVQ2MklkV3FzQXNxSmVLazJqS3FVXG4wNDZqMis1bDdVN1E2cTBiMDU3MXJ5c3FOa3NRRm1UOGliZ2FjZjVTb0ltUklaZStWeHVDY2xRVDRjcms1aGd0XG5WUGFiT1BEbVpFY3Q5NFF2NnVabStHaTBEc2tVQTJKbVc5VXZXODRDRDdteGE3aHNDUjJPSEt6WGFySTYxcGlvXG5GUWpDUDBLejBYQnFpQkFWZjVaT0plSWxUekM3YnpKWTlBRGxKNWFQbWNicjJyY2JLS3NaNEQ2UTJ4M3ZUeVFiXG5icFlGR3k0Uy9SVHVCNml0ZU9LOWNMdDAwTzFQcUZ2U3Q3Qi9mTUgrYldacmtCVHRaM1lYa2hWTVBneWNaTTlKXG55Tk5Va3JCMEFpMHgzNzlsQ3h0TW1ESUlaUGxXSzd3VDVWbjEwMTZ5dlFLQmdRRHFuTlhBK09sT09KN0pwY1czXG5GTVhxYUE0azdGeXAzbFBBV3lGNkFtWWlrem1SeVRueWVHVWNLZTVUQ3piTEdWbFVoa2JiemJhelRmZ0ZpUkI4XG5SdUluVmFhZ0RSYVhaZjlSeE5LM0NxRUJPS1YydEhXRytOdWFOK3lTMnVtV0xzSDhBSURPRTRuYTZ6VXk3TjdLXG5Gb3lFNkdjc3JYNDRBUHF6dVJqTnVTMktwd0tCZ1FEUzM5a051SWtFQmpYOHZmN3dhcGNlQ3RtOXovR3VldlRuXG4wR1BMSndGVVRXY2FoZGFlWjV3aXMxcFRzbjhaZXVsak1ia24vK0RORGN0VU94UFZ4aEk5aFkyMEdadHp0cStlXG5WRVlFczNUQk02OGNSb0RWNDJNVGhHUENtRjFpa1hMTmJ6aE5mcXdidDkwQmtvS1ZLb3lwbHU5eXgrdEt4Y0sxXG5lSWZha0RxakxRS0JnQk02TlQ1eVo5UjBTWGNuTWRQMlRONFFGeENwbWxLRm1RR0x0bXVrWkxCeXRtWWZRck4vXG5jSEhsY2RXMmRwQWdqTFNqcUl6OUIvc2I2YmF5YS9wemFMZG1pcGhWV2tPZ0pWT1RPTjJ0YmxLR1RQRTBpdWs3XG4zZXQrcDlIRlJSMTh5WU1ZbTNYSUhpVWwzNTlEMEdKcGhLeWp5MGpiRXh3TjRIMzRMbk0xdU9qREFvR0JBTkFjXG5SclA1Mkk3MktqV2l0SVZFVEp0RGpoeDdxa0xONmdFVmNrYzkyVnYvZjY5M1FwWFdId3RJQWU3MEMrZHptLzFmXG5SeUlvcnd6dmZpbEVuSkN2QjdWYnBydUZRaHR5d2VMNXZKaExHd0RKSnhvNm9rOTBONFU5ZE03SlcvQTVKeG1EXG5tQWN5Nmx2NG1zNUFiMHNUVVByVmtMNndlbyt5bURSTUhaY2dIQjZKQW9HQVUrZ1hDZTN2TkpnM0U4bm9XV2lwXG5Bdm1oeEhiVVc1b2VCWk9rSTJ0Q0pwdHdKYmtYa3NNcFVMTE9sbVd0bElRSU44VUdTQ0RFQTdCUjhBQStqSG5UXG50NXJHTU9wRUk2bno3VHI2WUtWcXg5eTc1UVRhZjR4VytGN2ZwZGp3MVVFQ0RqMUkyZHpDcXY5aWQ1K0Y4M2k2XG5jeXc3a2NJMHNvMnFxZDBFZFF3T3lEaz1cbi0tLS0tRU5EIFBSSVZBVEUgS0VZLS0tLS1cbiIsCiAgImNsaWVudF9lbWFpbCI6ICJzYS1hdXRvbWF0aW9uLTY3ZmYzODcyQHh0ZWMtbGFiLmlhbS5nc2VydmljZWFjY291bnQuY29tIiwKICAiY2xpZW50X2lkIjogIjExNjY5MTY0OTA3NzQxNzkwMzIzMyIsCiAgImF1dGhfdXJpIjogImh0dHBzOi8vYWNjb3VudHMuZ29vZ2xlLmNvbS9vL29hdXRoMi9hdXRoIiwKICAidG9rZW5fdXJpIjogImh0dHBzOi8vb2F1dGgyLmdvb2dsZWFwaXMuY29tL3Rva2VuIiwKICAiYXV0aF9wcm92aWRlcl94NTA5X2NlcnRfdXJsIjogImh0dHBzOi8vd3d3Lmdvb2dsZWFwaXMuY29tL29hdXRoMi92MS9jZXJ0cyIsCiAgImNsaWVudF94NTA5X2NlcnRfdXJsIjogImh0dHBzOi8vd3d3Lmdvb2dsZWFwaXMuY29tL3JvYm90L3YxL21ldGFkYXRhL3g1MDkvc2EtYXV0b21hdGlvbi02N2ZmMzg3MiU0MHh0ZWMtbGFiLmlhbS5nc2VydmljZWFjY291bnQuY29tIiwKICAidW5pdmVyc2VfZG9tYWluIjogImdvb2dsZWFwaXMuY29tIgp9Cg==",
            "private_key_type": "TYPE_GOOGLE_CREDENTIALS_FILE",
            "public_key": "LS0tLS1CRUdJTiBDRVJUSUZJQ0FURS0tLS0tCk1JSUMvRENDQWVTZ0F3SUJBZ0lJZUh4SCtpaU9xR0l3RFFZSktvWklodmNOQVFFRkJRQXdJREVlTUJ3R0ExVUUKQXd3Vk1URTJOamt4TmpRNU1EYzNOREUzT1RBek1qTXpNQ0FYRFRJMk1ETXdNVEExTURZeE9Wb1lEems1T1RreApNak14TWpNMU9UVTVXakFnTVI0d0hBWURWUVFEREJVeE1UWTJPVEUyTkRrd056YzBNVGM1TURNeU16TXdnZ0VpCk1BMEdDU3FHU0liM0RRRUJBUVVBQTRJQkR3QXdnZ0VLQW9JQkFRREJRY3ppQTQzdWNUaGx0MXhwaDhGMXJwV3QKYXpic3V6aHNwSDROcnE2VjFvRmtMR2JXZmZudnA0NkdFQ2dNUzIzMVBkNXMxcVhxYjBZN2VUUnU4UlhNSFhIQwp2ZU9KNEtQT3RuemRCckl0S052dFh6RVVTZXRvdC80QjlGL0wwMlVjRktYOUZDZ1Z5cDRyTEpCU0tQM3M5WHp6CjNKRnNuOWFyZ3E2S055S0hVajhmZkFEbGlUeVphb1RlYnpQb3F2OG96dS9vTWg4SmpSOFloTi8wMWdtQXIwYWUKMkw5WHd4ZG1ZS3RMSE45QjkvV1RmNUF2QzhCdzhrWHplVkIramU4TGVYUUxyVFFWam9sc0xWL01GK0hlWTRvLwpoQmhJTUgvNVBtU2ZVWXorWnJMMVJOSDkzTUowaCtYcnJINnZLUWtwakNsVGsrZlVLWTlJRHBibUg3UmJBZ01CCkFBR2pPREEyTUF3R0ExVWRFd0VCL3dRQ01BQXdEZ1lEVlIwUEFRSC9CQVFEQWdlQU1CWUdBMVVkSlFFQi93UU0KTUFvR0NDc0dBUVVGQndNQ01BMEdDU3FHU0liM0RRRUJCUVVBQTRJQkFRQ2hzelRyemwrUktLcHI5YXBkcGVqdQp2cDBtK2RDQk1kTzI2QkdmN1gvcENpNTZmajFnUHorT2kvbmxMVnFXeVNTbnBaWWJNY3VkUU5kbXNVb2xKL3pMCjJVSk81dnhucW5OS1BqQ1B4eWs0WTJhYllQZFp4RWZOZEFNM2RxNWl5aXFhZ0wvMkdWVmdpU0NFTTJqVzRiNkoKT1owY2JPbTVRdVpCQ291WklZL0JhazhLeU4xTWpBaEpvVFVwWEpOZzNWMnNNa1l5d0hEajN4M0dOTGlFNUJNRwpkaVB1Y2E1aytzVEdQRkQ2TlhPdEtuK2JiQ0FBQnBUSnM4Ylp5U2NrZlZ0S1Z5UmZNRjVWV1hpYXBETkhEcEs2Ckt3V0ZMa3BCSXlBUXZFRDdIajRpSG9ua0ZXYlYyN0dtVWIwTnZKRVoyZnBKTUtNVlQ4MXRwK3BSb0p3OXpVZjcKLS0tLS1FTkQgQ0VSVElGSUNBVEUtLS0tLQo=",
            "public_key_data": null,
            "public_key_type": "TYPE_X509_PEM_FILE",
            "service_account_id": "projects/xtec-lab/serviceAccounts/sa-automation-67ff3872@xtec-lab.iam.gserviceaccount.com",
            "valid_after": "2026-03-01T05:06:19Z",
            "valid_before": "9999-12-31T23:59:59Z"
          },
          "sensitive_attributes": [],
          "private": "bnVsbA==",
          "dependencies": [
            "google_service_account.automation_account",
            "random_id.simulation_id"
          ]
        }
      ]
    },
    {
      "mode": "managed",
      "type": "google_storage_bucket",
      "name": "application_data",
      "provider": "provider[\"registry.terraform.io/hashicorp/google\"]",
      "instances": [
        {
          "schema_version": 2,
          "attributes": {
            "autoclass": [],
            "cors": [],
            "custom_placement_config": [],
            "default_event_based_hold": false,
            "effective_labels": {
              "application": "data-processing",
              "environment": "production"
            },
            "enable_object_retention": false,
            "encryption": [],
            "force_destroy": false,
            "id": "xtec-lab-app-data-67ff3872",
            "labels": {
              "application": "data-processing",
              "environment": "production"
            },
            "lifecycle_rule": [],
            "location": "US-CENTRAL1",
            "logging": [],
            "name": "xtec-lab-app-data-67ff3872",
            "project": "xtec-lab",
            "project_number": 539545384352,
            "public_access_prevention": "inherited",
            "requester_pays": false,
            "retention_policy": [],
            "rpo": null,
            "self_link": "https://www.googleapis.com/storage/v1/b/xtec-lab-app-data-67ff3872",
            "soft_delete_policy": [
              {
                "effective_time": "2026-03-01T05:06:09.586Z",
                "retention_duration_seconds": 604800
              }
            ],
            "storage_class": "STANDARD",
            "terraform_labels": {
              "application": "data-processing",
              "environment": "production"
            },
            "timeouts": null,
            "uniform_bucket_level_access": true,
            "url": "gs://xtec-lab-app-data-67ff3872",
            "versioning": [],
            "website": []
          },
          "sensitive_attributes": [],
          "private": "eyJlMmJmYjczMC1lY2FhLTExZTYtOGY4OC0zNDM2M2JjN2M0YzAiOnsiY3JlYXRlIjo2MDAwMDAwMDAwMDAsInJlYWQiOjI0MDAwMDAwMDAwMCwidXBkYXRlIjoyNDAwMDAwMDAwMDB9LCJzY2hlbWFfdmVyc2lvbiI6IjIifQ==",
          "dependencies": [
            "random_id.simulation_id"
          ]
        }
      ]
    },
    {
      "mode": "managed",
      "type": "google_storage_bucket",
      "name": "log_export_bucket",
      "provider": "provider[\"registry.terraform.io/hashicorp/google\"]",
      "instances": [
        {
          "index_key": 0,
          "schema_version": 2,
          "attributes": {
            "autoclass": [],
            "cors": [],
            "custom_placement_config": [],
            "default_event_based_hold": false,
            "effective_labels": {},
            "enable_object_retention": false,
            "encryption": [],
            "force_destroy": false,
            "id": "xtec-lab-logs-export-67ff3872",
            "labels": null,
            "lifecycle_rule": [
              {
                "action": [
                  {
                    "storage_class": "",
                    "type": "Delete"
                  }
                ],
                "condition": [
                  {
                    "age": 7,
                    "created_before": "",
                    "custom_time_before": "",
                    "days_since_custom_time": 0,
                    "days_since_noncurrent_time": 0,
                    "matches_prefix": [],
                    "matches_storage_class": [],
                    "matches_suffix": [],
                    "no_age": false,
                    "noncurrent_time_before": "",
                    "num_newer_versions": 0,
                    "send_age_if_zero": true,
                    "send_days_since_custom_time_if_zero": false,
                    "send_days_since_noncurrent_time_if_zero": false,
                    "send_num_newer_versions_if_zero": false,
                    "with_state": "ANY"
                  }
                ]
              }
            ],
            "location": "US-CENTRAL1",
            "logging": [],
            "name": "xtec-lab-logs-export-67ff3872",
            "project": "xtec-lab",
            "project_number": 539545384352,
            "public_access_prevention": "inherited",
            "requester_pays": false,
            "retention_policy": [],
            "rpo": null,
            "self_link": "https://www.googleapis.com/storage/v1/b/xtec-lab-logs-export-67ff3872",
            "soft_delete_policy": [
              {
                "effective_time": "2026-03-01T05:06:09.678Z",
                "retention_duration_seconds": 604800
              }
            ],
            "storage_class": "STANDARD",
            "terraform_labels": {},
            "timeouts": null,
            "uniform_bucket_level_access": false,
            "url": "gs://xtec-lab-logs-export-67ff3872",
            "versioning": [],
            "website": []
          },
          "sensitive_attributes": [],
          "private": "eyJlMmJmYjczMC1lY2FhLTExZTYtOGY4OC0zNDM2M2JjN2M0YzAiOnsiY3JlYXRlIjo2MDAwMDAwMDAwMDAsInJlYWQiOjI0MDAwMDAwMDAwMCwidXBkYXRlIjoyNDAwMDAwMDAwMDB9LCJzY2hlbWFfdmVyc2lvbiI6IjIifQ==",
          "dependencies": [
            "random_id.simulation_id"
          ]
        }
      ]
    },
    {
      "mode": "managed",
      "type": "google_storage_bucket",
      "name": "simulation_logs",
      "provider": "provider[\"registry.terraform.io/hashicorp/google\"]",
      "instances": [
        {
          "schema_version": 2,
          "attributes": {
            "autoclass": [],
            "cors": [],
            "custom_placement_config": [],
            "default_event_based_hold": false,
            "effective_labels": {
              "created": "2026-03-01",
              "managed-by": "terraform",
              "purpose": "threat-simulation"
            },
            "enable_object_retention": false,
            "encryption": [],
            "force_destroy": true,
            "id": "xtec-lab-threat-sim-logs-67ff3872",
            "labels": {
              "created": "2026-03-01",
              "managed-by": "terraform",
              "purpose": "threat-simulation"
            },
            "lifecycle_rule": [
              {
                "action": [
                  {
                    "storage_class": "",
                    "type": "Delete"
                  }
                ],
                "condition": [
                  {
                    "age": 30,
                    "created_before": "",
                    "custom_time_before": "",
                    "days_since_custom_time": 0,
                    "days_since_noncurrent_time": 0,
                    "matches_prefix": [],
                    "matches_storage_class": [],
                    "matches_suffix": [],
                    "no_age": false,
                    "noncurrent_time_before": "",
                    "num_newer_versions": 0,
                    "send_age_if_zero": true,
                    "send_days_since_custom_time_if_zero": false,
                    "send_days_since_noncurrent_time_if_zero": false,
                    "send_num_newer_versions_if_zero": false,
                    "with_state": "ANY"
                  }
                ]
              }
            ],
            "location": "US-CENTRAL1",
            "logging": [],
            "name": "xtec-lab-threat-sim-logs-67ff3872",
            "project": "xtec-lab",
            "project_number": 539545384352,
            "public_access_prevention": "inherited",
            "requester_pays": false,
            "retention_policy": [],
            "rpo": null,
            "self_link": "https://www.googleapis.com/storage/v1/b/xtec-lab-threat-sim-logs-67ff3872",
            "soft_delete_policy": [
              {
                "effective_time": "2026-03-01T05:06:08.833Z",
                "retention_duration_seconds": 604800
              }
            ],
            "storage_class": "STANDARD",
            "terraform_labels": {
              "created": "2026-03-01",
              "managed-by": "terraform",
              "purpose": "threat-simulation"
            },
            "timeouts": null,
            "uniform_bucket_level_access": true,
            "url": "gs://xtec-lab-threat-sim-logs-67ff3872",
            "versioning": [],
            "website": []
          },
          "sensitive_attributes": [],
          "private": "eyJlMmJmYjczMC1lY2FhLTExZTYtOGY4OC0zNDM2M2JjN2M0YzAiOnsiY3JlYXRlIjo2MDAwMDAwMDAwMDAsInJlYWQiOjI0MDAwMDAwMDAwMCwidXBkYXRlIjoyNDAwMDAwMDAwMDB9LCJzY2hlbWFfdmVyc2lvbiI6IjIifQ==",
          "dependencies": [
            "random_id.simulation_id",
            "time_static.simulation_start"
          ]
        }
      ]
    },
    {
      "mode": "managed",
      "type": "google_storage_bucket",
      "name": "staging_bucket",
      "provider": "provider[\"registry.terraform.io/hashicorp/google\"]",
      "instances": [
        {
          "index_key": 0,
          "schema_version": 2,
          "attributes": {
            "autoclass": [],
            "cors": [],
            "custom_placement_config": [],
            "default_event_based_hold": false,
            "effective_labels": {
              "environment": "production",
              "purpose": "staging"
            },
            "enable_object_retention": false,
            "encryption": [],
            "force_destroy": false,
            "id": "staging-xtec-lab-67ff3872",
            "labels": {
              "environment": "production",
              "purpose": "staging"
            },
            "lifecycle_rule": [
              {
                "action": [
                  {
                    "storage_class": "",
                    "type": "Delete"
                  }
                ],
                "condition": [
                  {
                    "age": 7,
                    "created_before": "",
                    "custom_time_before": "",
                    "days_since_custom_time": 0,
                    "days_since_noncurrent_time": 0,
                    "matches_prefix": [],
                    "matches_storage_class": [],
                    "matches_suffix": [],
                    "no_age": false,
                    "noncurrent_time_before": "",
                    "num_newer_versions": 0,
                    "send_age_if_zero": true,
                    "send_days_since_custom_time_if_zero": false,
                    "send_days_since_noncurrent_time_if_zero": false,
                    "send_num_newer_versions_if_zero": false,
                    "with_state": "ANY"
                  }
                ]
              }
            ],
            "location": "US-CENTRAL1",
            "logging": [],
            "name": "staging-xtec-lab-67ff3872",
            "project": "xtec-lab",
            "project_number": 539545384352,
            "public_access_prevention": "inherited",
            "requester_pays": false,
            "retention_policy": [],
            "rpo": null,
            "self_link": "https://www.googleapis.com/storage/v1/b/staging-xtec-lab-67ff3872",
            "soft_delete_policy": [
              {
                "effective_time": "2026-03-01T05:06:08.984Z",
                "retention_duration_seconds": 604800
              }
            ],
            "storage_class": "STANDARD",
            "terraform_labels": {
              "environment": "production",
              "purpose": "staging"
            },
            "timeouts": null,
            "uniform_bucket_level_access": false,
            "url": "gs://staging-xtec-lab-67ff3872",
            "versioning": [],
            "website": []
          },
          "sensitive_attributes": [],
          "private": "eyJlMmJmYjczMC1lY2FhLTExZTYtOGY4OC0zNDM2M2JjN2M0YzAiOnsiY3JlYXRlIjo2MDAwMDAwMDAwMDAsInJlYWQiOjI0MDAwMDAwMDAwMCwidXBkYXRlIjoyNDAwMDAwMDAwMDB9LCJzY2hlbWFfdmVyc2lvbiI6IjIifQ==",
          "dependencies": [
            "random_id.simulation_id"
          ]
        }
      ]
    },
    {
      "mode": "managed",
      "type": "google_storage_bucket_object",
      "name": "data_files",
      "provider": "provider[\"registry.terraform.io/hashicorp/google\"]",
      "instances": [
        {
          "index_key": "backup.tar.gz",
          "schema_version": 0,
          "attributes": {
            "bucket": "xtec-lab-app-data-67ff3872",
            "cache_control": "",
            "content": "Sample application data for processing workflows",
            "content_disposition": "",
            "content_encoding": "",
            "content_language": "",
            "content_type": "text/plain; charset=utf-8",
            "crc32c": "sXpKRg==",
            "customer_encryption": [],
            "detect_md5hash": "9Wojy438sWci8aT+nkwVHg==",
            "event_based_hold": false,
            "generation": 1772341570608943,
            "id": "xtec-lab-app-data-67ff3872-data/backup.tar.gz",
            "kms_key_name": "",
            "md5hash": "9Wojy438sWci8aT+nkwVHg==",
            "media_link": "https://storage.googleapis.com/download/storage/v1/b/xtec-lab-app-data-67ff3872/o/data%2Fbackup.tar.gz?generation=1772341570608943\u0026alt=media",
            "metadata": null,
            "name": "data/backup.tar.gz",
            "output_name": "data/backup.tar.gz",
            "retention": [],
            "self_link": "https://www.googleapis.com/storage/v1/b/xtec-lab-app-data-67ff3872/o/data%2Fbackup.tar.gz",
            "source": null,
            "storage_class": "STANDARD",
            "temporary_hold": false,
            "timeouts": null
          },
          "sensitive_attributes": [],
          "private": "eyJlMmJmYjczMC1lY2FhLTExZTYtOGY4OC0zNDM2M2JjN2M0YzAiOnsiY3JlYXRlIjoyNDAwMDAwMDAwMDAsImRlbGV0ZSI6MjQwMDAwMDAwMDAwLCJ1cGRhdGUiOjI0MDAwMDAwMDAwMH19",
          "dependencies": [
            "google_storage_bucket.application_data",
            "random_id.simulation_id"
          ]
        },
        {
          "index_key": "config.json",
          "schema_version": 0,
          "attributes": {
            "bucket": "xtec-lab-app-data-67ff3872",
            "cache_control": "",
            "content": "Sample application data for processing workflows",
            "content_disposition": "",
            "content_encoding": "",
            "content_language": "",
            "content_type": "text/plain; charset=utf-8",
            "crc32c": "sXpKRg==",
            "customer_encryption": [],
            "detect_md5hash": "9Wojy438sWci8aT+nkwVHg==",
            "event_based_hold": false,
            "generation": 1772341570409862,
            "id": "xtec-lab-app-data-67ff3872-data/config.json",
            "kms_key_name": "",
            "md5hash": "9Wojy438sWci8aT+nkwVHg==",
            "media_link": "https://storage.googleapis.com/download/storage/v1/b/xtec-lab-app-data-67ff3872/o/data%2Fconfig.json?generation=1772341570409862\u0026alt=media",
            "metadata": null,
            "name": "data/config.json",
            "output_name": "data/config.json",
            "retention": [],
            "self_link": "https://www.googleapis.com/storage/v1/b/xtec-lab-app-data-67ff3872/o/data%2Fconfig.json",
            "source": null,
            "storage_class": "STANDARD",
            "temporary_hold": false,
            "timeouts": null
          },
          "sensitive_attributes": [],
          "private": "eyJlMmJmYjczMC1lY2FhLTExZTYtOGY4OC0zNDM2M2JjN2M0YzAiOnsiY3JlYXRlIjoyNDAwMDAwMDAwMDAsImRlbGV0ZSI6MjQwMDAwMDAwMDAwLCJ1cGRhdGUiOjI0MDAwMDAwMDAwMH19",
          "dependencies": [
            "google_storage_bucket.application_data",
            "random_id.simulation_id"
          ]
        },
        {
          "index_key": "dataset_2024.csv",
          "schema_version": 0,
          "attributes": {
            "bucket": "xtec-lab-app-data-67ff3872",
            "cache_control": "",
            "content": "Sample application data for processing workflows",
            "content_disposition": "",
            "content_encoding": "",
            "content_language": "",
            "content_type": "text/plain; charset=utf-8",
            "crc32c": "sXpKRg==",
            "customer_encryption": [],
            "detect_md5hash": "9Wojy438sWci8aT+nkwVHg==",
            "event_based_hold": false,
            "generation": 1772341570609816,
            "id": "xtec-lab-app-data-67ff3872-data/dataset_2024.csv",
            "kms_key_name": "",
            "md5hash": "9Wojy438sWci8aT+nkwVHg==",
            "media_link": "https://storage.googleapis.com/download/storage/v1/b/xtec-lab-app-data-67ff3872/o/data%2Fdataset_2024.csv?generation=1772341570609816\u0026alt=media",
            "metadata": null,
            "name": "data/dataset_2024.csv",
            "output_name": "data/dataset_2024.csv",
            "retention": [],
            "self_link": "https://www.googleapis.com/storage/v1/b/xtec-lab-app-data-67ff3872/o/data%2Fdataset_2024.csv",
            "source": null,
            "storage_class": "STANDARD",
            "temporary_hold": false,
            "timeouts": null
          },
          "sensitive_attributes": [],
          "private": "eyJlMmJmYjczMC1lY2FhLTExZTYtOGY4OC0zNDM2M2JjN2M0YzAiOnsiY3JlYXRlIjoyNDAwMDAwMDAwMDAsImRlbGV0ZSI6MjQwMDAwMDAwMDAwLCJ1cGRhdGUiOjI0MDAwMDAwMDAwMH19",
          "dependencies": [
            "google_storage_bucket.application_data",
            "random_id.simulation_id"
          ]
        },
        {
          "index_key": "reports_q4.pdf",
          "schema_version": 0,
          "attributes": {
            "bucket": "xtec-lab-app-data-67ff3872",
            "cache_control": "",
            "content": "Sample application data for processing workflows",
            "content_disposition": "",
            "content_encoding": "",
            "content_language": "",
            "content_type": "text/plain; charset=utf-8",
            "crc32c": "sXpKRg==",
            "customer_encryption": [],
            "detect_md5hash": "9Wojy438sWci8aT+nkwVHg==",
            "event_based_hold": false,
            "generation": 1772341570609191,
            "id": "xtec-lab-app-data-67ff3872-data/reports_q4.pdf",
            "kms_key_name": "",
            "md5hash": "9Wojy438sWci8aT+nkwVHg==",
            "media_link": "https://storage.googleapis.com/download/storage/v1/b/xtec-lab-app-data-67ff3872/o/data%2Freports_q4.pdf?generation=1772341570609191\u0026alt=media",
            "metadata": null,
            "name": "data/reports_q4.pdf",
            "output_name": "data/reports_q4.pdf",
            "retention": [],
            "self_link": "https://www.googleapis.com/storage/v1/b/xtec-lab-app-data-67ff3872/o/data%2Freports_q4.pdf",
            "source": null,
            "storage_class": "STANDARD",
            "temporary_hold": false,
            "timeouts": null
          },
          "sensitive_attributes": [],
          "private": "eyJlMmJmYjczMC1lY2FhLTExZTYtOGY4OC0zNDM2M2JjN2M0YzAiOnsiY3JlYXRlIjoyNDAwMDAwMDAwMDAsImRlbGV0ZSI6MjQwMDAwMDAwMDAwLCJ1cGRhdGUiOjI0MDAwMDAwMDAwMH19",
          "dependencies": [
            "google_storage_bucket.application_data",
            "random_id.simulation_id"
          ]
        }
      ]
    },
    {
      "mode": "managed",
      "type": "google_storage_bucket_object",
      "name": "deployment_package",
      "provider": "provider[\"registry.terraform.io/hashicorp/google\"]",
      "instances": [
        {
          "index_key": 0,
          "schema_version": 0,
          "attributes": {
            "bucket": "staging-xtec-lab-67ff3872",
            "cache_control": "",
            "content": "RGVwbG95bWVudCBwYWNrYWdlIGNvbnRlbnRz",
            "content_disposition": "",
            "content_encoding": "",
            "content_language": "",
            "content_type": "text/plain; charset=utf-8",
            "crc32c": "ZNjMsQ==",
            "customer_encryption": [],
            "detect_md5hash": "8HxiJ4sgKxhepJ/pMEWf3Q==",
            "event_based_hold": false,
            "generation": 1772341569710811,
            "id": "staging-xtec-lab-67ff3872-deployments/release_20260301_050607.tar.gz",
            "kms_key_name": "",
            "md5hash": "8HxiJ4sgKxhepJ/pMEWf3Q==",
            "media_link": "https://storage.googleapis.com/download/storage/v1/b/staging-xtec-lab-67ff3872/o/deployments%2Frelease_20260301_050607.tar.gz?generation=1772341569710811\u0026alt=media",
            "metadata": {
              "environment": "production",
              "release_date": "2026-03-01",
              "version": "1.0.0"
            },
            "name": "deployments/release_20260301_050607.tar.gz",
            "output_name": "deployments/release_20260301_050607.tar.gz",
            "retention": [],
            "self_link": "https://www.googleapis.com/storage/v1/b/staging-xtec-lab-67ff3872/o/deployments%2Frelease_20260301_050607.tar.gz",
            "source": null,
            "storage_class": "STANDARD",
            "temporary_hold": false,
            "timeouts": null
          },
          "sensitive_attributes": [],
          "private": "eyJlMmJmYjczMC1lY2FhLTExZTYtOGY4OC0zNDM2M2JjN2M0YzAiOnsiY3JlYXRlIjoyNDAwMDAwMDAwMDAsImRlbGV0ZSI6MjQwMDAwMDAwMDAwLCJ1cGRhdGUiOjI0MDAwMDAwMDAwMH19",
          "dependencies": [
            "google_storage_bucket.staging_bucket",
            "random_id.simulation_id",
            "time_static.simulation_start"
          ]
        }
      ]
    },
    {
      "mode": "managed",
      "type": "null_resource",
      "name": "simulation_metadata",
      "provider": "provider[\"registry.terraform.io/hashicorp/null\"]",
      "instances": [
        {
          "schema_version": 0,
          "attributes": {
            "id": "3683226231122314686",
            "triggers": null
          },
          "sensitive_attributes": [],
          "dependencies": [
            "random_id.simulation_id",
            "time_static.simulation_start"
          ]
        }
      ]
    },
    {
      "mode": "managed",
      "type": "random_id",
      "name": "simulation_id",
      "provider": "provider[\"registry.terraform.io/hashicorp/random\"]",
      "instances": [
        {
          "schema_version": 0,
          "attributes": {
            "b64_std": "Z/84cg==",
            "b64_url": "Z_84cg",
            "byte_length": 4,
            "dec": "1744779378",
            "hex": "67ff3872",
            "id": "Z_84cg",
            "keepers": null,
            "prefix": null
          },
          "sensitive_attributes": []
        }
      ]
    },
    {
      "mode": "managed",
      "type": "time_static",
      "name": "simulation_start",
      "provider": "provider[\"registry.terraform.io/hashicorp/time\"]",
      "instances": [
        {
          "schema_version": 0,
          "attributes": {
            "day": 1,
            "hour": 5,
            "id": "2026-03-01T05:06:07Z",
            "minute": 6,
            "month": 3,
            "rfc3339": "2026-03-01T05:06:07Z",
            "second": 7,
            "triggers": null,
            "unix": 1772341567,
            "year": 2026
          },
          "sensitive_attributes": []
        }
      ]
    }
  ],
  "check_results": null
}
